version = 1
revision = 3
requires-python = ">=3.14"

[[package]]
name = "asgiref"
version = "3.12.1"
source = { registry = "https://pypi.org/simple" }
sdist = { url = "https://files.pythonhosted.org/packages/e6/26/3b59f2bdae5f640389becb1f673cded775287f5fc4f816309d9ca9a3f93d/asgiref-3.12.1.tar.gz", hash = "sha256:59dcb51c272ad209d59bed5708a64a333083e86017d7fcdd67498eeab7784340", size = 42378, upload-time = "2026-07-14T09:56:18.087Z" }
wheels = [
    { url = "https://files.pythonhosted.org/packages/c0/1b/54f4ad77cd8a584fa70746c47df988e002cf1ee1eba43364d46f87803647/asgiref-3.12.1-py3-none-any.whl", hash = "sha256:fe386d1c2bff7259ea95929266d12a8cf9a8b5a1c2598402967d8792e7a7c094", size = 25478, upload-time = "2026-07-14T09:56:16.926Z" },
]

[[package]]
name = "django"
version = "6.1"
source = { registry = "https://pypi.org/simple" }
dependencies = [
    { name = "asgiref" },
    { name = "sqlparse" },
    { name = "tzdata", marker = "sys_platform == 'win32'" },
]
sdist = { url = "https://files.pythonhosted.org/packages/e2/42/6cb20996733984c1f6661daeda3877990836c76c633c6c8879d39f7120eb/django-6.1.tar.gz", hash = "sha256:86a2aacd59b817e4d6ac2ebfe22356c58f66f7b24e503f71b7c2fead677ee48b", size = 11223034, upload-time = "2026-08-05T19:21:53.789Z" }
wheels = [
    { url = "https://files.pythonhosted.org/packages/91/9c/ce847620134cfab903e75690c498af73b46abbede2912ea89bd76d5c1e76/django-6.1-py3-none-any.whl", hash = "sha256:6c132cd980c9392b06807d4ca52d72530d631dc65a85d9dacede00a780cefbbe", size = 8417399, upload-time = "2026-08-05T19:21:47.285Z" },
]

[[package]]
name = "djangorestframework"
version = "3.18.0"
source = { registry = "https://pypi.org/simple" }
dependencies = [
    { name = "django" },
]
sdist = { url = "https://files.pythonhosted.org/packages/79/bc/de04e3d4dc65e8b926700956ee70d4f084f2005603d21122d4d0683006fd/djangorestframework-3.18.0.tar.gz", hash = "sha256:2323a5111837e0b784dcb8323abc78ecc54fa2a5af7aff2677cf50cdd849477f", size = 913667, upload-time = "2026-08-07T14:53:33.571Z" }
wheels = [
    { url = "https://files.pythonhosted.org/packages/51/d7/7461738e819b853275b35fd35712a85806c09a327e1fd5f8ff766bdd317e/djangorestframework-3.18.0-py3-none-any.whl", hash = "sha256:381fc44d3249c9565c5f723850855b734e99030eb30957a49f506d3fe11d7dcb", size = 900032, upload-time = "2026-08-07T14:53:31.881Z" },
]

[[package]]
name = "dotenv"
version = "0.9.9"
source = { registry = "https://pypi.org/simple" }
dependencies = [
    { name = "python-dotenv" },
]
wheels = [
    { url = "https://files.pythonhosted.org/packages/b2/b7/545d2c10c1fc15e48653c91efde329a790f2eecfbbf2bd16003b5db2bab0/dotenv-0.9.9-py2.py3-none-any.whl", hash = "sha256:29cf74a087b31dafdb5a446b6d7e11cbce8ed2741540e2339c69fbef92c94ce9", size = 1892, upload-time = "2025-02-19T22:15:01.647Z" },
]

[[package]]
name = "project-store-django"
version = "0.1.0"
source = { virtual = "." }
dependencies = [
    { name = "django" },
    { name = "djangorestframework" },
    { name = "dotenv" },
    { name = "psycopg", extra = ["binary"] },
    { name = "simplejwt" },
]

[package.metadata]
requires-dist = [
    { name = "django", specifier = ">=6.1" },
    { name = "djangorestframework", specifier = ">=3.18.0" },
    { name = "dotenv", specifier = ">=0.9.9" },
    { name = "psycopg", extras = ["binary"], specifier = ">=3.3.5" },
    { name = "simplejwt", specifier = ">=2.0.1" },
]

[[package]]
name = "psycopg"
version = "3.3.5"
source = { registry = "https://pypi.org/simple" }
dependencies = [
    { name = "tzdata", marker = "sys_platform == 'win32'" },
]
sdist = { url = "https://files.pythonhosted.org/packages/72/73/8fb739d0f6bba247b9b93c9840c402a4f88545be5f1d4b02b23366371c00/psycopg-3.3.5.tar.gz", hash = "sha256:d0a3d9ccf5788af054cbd745278cb02401b5c312aeaafbf2c6144460aec47da4", size = 166508, upload-time = "2026-08-31T22:45:43.151Z" }
wheels = [
    { url = "https://files.pythonhosted.org/packages/3d/2e/d0a645bcaadde68bd6d93c43f02f14b0191bdda367ce3f7722abe3da744a/psycopg-3.3.5-py3-none-any.whl", hash = "sha256:ce5aa5cdb4f9379f00f487590e5890bfa7df9a164648c969ffa628505e21af4e", size = 213598, upload-time = "2026-08-31T22:39:02.184Z" },
]

[package.optional-dependencies]
binary = [
    { name = "psycopg-binary", marker = "implementation_name != 'pypy'" },
]

[[package]]
name = "psycopg-binary"
version = "3.3.5"
source = { registry = "https://pypi.org/simple" }
wheels = [
    { url = "https://files.pythonhosted.org/packages/46/7f/4e2395da194558533bd9c31f35e4dc58ecbbae6a7176b0d2f72d629e8a51/psycopg_binary-3.3.5-cp314-cp314-macosx_10_15_x86_64.whl", hash = "sha256:40f8b132c7243ef5f503f0b6f986bf16d38a51b0df1c6ba2577743f128be03e3", size = 4712612, upload-time = "2026-08-31T22:44:25.723Z" },
    { url = "https://files.pythonhosted.org/packages/ae/94/fdb2093c8ccd7048449156db526ad746740cf34fe9c01e5dc1b7a7a8b257/psycopg_binary-3.3.5-cp314-cp314-macosx_11_0_arm64.whl", hash = "sha256:c0cac998b9b1e82dec853d2e53b3d34d56a525cf231f9441a636cfd5992929a9", size = 4775139, upload-time = "2026-08-31T22:44:36.719Z" },
    { url = "https://files.pythonhosted.org/packages/31/52/5195e87960715f7be2005761b72d56fce4e7757d5333fd40384f071c2de1/psycopg_binary-3.3.5-cp314-cp314-manylinux2014_ppc64le.manylinux_2_17_ppc64le.whl", hash = "sha256:479b96fd78149cfa10369dc53fbfb89ee729be13146b584a23dbc7e164c0cf1e", size = 5556807, upload-time = "2026-08-31T22:44:42.668Z" },
    { url = "https://files.pythonhosted.org/packages/f7/42/2d616210a91e1327516ed5ae71961aaa31bb740e4a61d7190f2221685a40/psycopg_binary-3.3.5-cp314-cp314-manylinux2014_x86_64.manylinux_2_17_x86_64.whl", hash = "sha256:f45d77e398542ce0937d9fa3cd9d84e9c5fc6b34c50a66404ae840bada312750", size = 5236206, upload-time = "2026-08-31T22:44:47.943Z" },
    { url = "https://files.pythonhosted.org/packages/08/2e/e54b0d4cc263b3526e3728bb50a69660d5e79e52255ccd2a1a71e40e6f9a/psycopg_binary-3.3.5-cp314-cp314-manylinux_2_27_aarch64.manylinux_2_28_aarch64.whl", hash = "sha256:98a388509306e5e08a4203253ac52846bc1b034e5cbd0ae6da1211593cc28594", size = 6838066, upload-time = "2026-08-31T22:44:55.701Z" },
    { url = "https://files.pythonhosted.org/packages/77/80/ec22a110f81a44c411965982097efeee86006bdd5a1f51f628318106c84c/psycopg_binary-3.3.5-cp314-cp314-manylinux_2_38_riscv64.manylinux_2_39_riscv64.whl", hash = "sha256:ab39e2794b95af61a2ff69e33e5ab6ac5df36e9ffea9a3b18e38b2aaca8c5ad5", size = 5072036, upload-time = "2026-08-31T22:45:02.838Z" },
    { url = "https://files.pythonhosted.org/packages/93/55/7bc3c3ac769ab4fe0c619f2179b4aab3ae043f4d478283dd8279d24c0be4/psycopg_binary-3.3.5-cp314-cp314-musllinux_1_2_aarch64.whl", hash = "sha256:9c071bf78e5c2e6efa40bc9089a954d7b41221347a72f35c6bf2d8c96e632f75", size = 4604058, upload-time = "2026-08-31T22:45:10.444Z" },
    { url = "https://files.pythonhosted.org/packages/a3/69/8e7414f7dc10b2959e664330cdcf393e412f67355975dafa876cef265264/psycopg_binary-3.3.5-cp314-cp314-musllinux_1_2_ppc64le.whl", hash = "sha256:14fdfd65a96ecbd8b586d14546105641f4a6ac7cbe335c786830ea4de94bbe60", size = 4284766, upload-time = "2026-08-31T22:45:17.881Z" },
    { url = "https://files.pythonhosted.org/packages/c1/72/33f293c1d3ee9114f47e9ef4880f31c9de864e84a9b09454c26e106c25ed/psycopg_binary-3.3.5-cp314-cp314-musllinux_1_2_riscv64.whl", hash = "sha256:8dbd694f3741dd4ac5bc60b70e17f7841aefb3f0f38cef4d2756de270e03af43", size = 4011958, upload-time = "2026-08-31T22:45:24.792Z" },
    { url = "https://files.pythonhosted.org/packages/b7/c9/8e38840e5a7d006987bbc9acb29951912253fa50549a4db92b3aa535f089/psycopg_binary-3.3.5-cp314-cp314-musllinux_1_2_x86_64.whl", hash = "sha256:14f432430fd9e1a9e7d9ab2fe14956c77f5d074ebdc556a1ad04e9a1bd3fca04", size = 4323273, upload-time = "2026-08-31T22:45:32.973Z" },
    { url = "https://files.pythonhosted.org/packages/fc/c7/b7ebf601c307f93e7c4c4ebac0edc9db3b2729ca038efe700a18f86b5517/psycopg_binary-3.3.5-cp314-cp314-win_amd64.whl", hash = "sha256:df209e64674a34b41662c67fdc8b4e0ffd77d2136393790691d086a09f9a6cab", size = 3745885, upload-time = "2026-08-31T22:45:40.537Z" },
]

[[package]]
name = "python-dotenv"
version = "1.2.3"
source = { registry = "https://pypi.org/simple" }
sdist = { url = "https://files.pythonhosted.org/packages/6a/53/ed9d74092561d4b01a2ef1349d52cdbc135e526c245f366b089cfca6de49/python_dotenv-1.2.3.tar.gz", hash = "sha256:a20a594dabeaa385725aa239d5244871c143ecb356add8a20fcf23773a6c3a35", size = 58945, upload-time = "2026-08-16T16:54:54.067Z" }
wheels = [
    { url = "https://files.pythonhosted.org/packages/0d/17/c5c6b53ddc18f297992099b3d9ec16c855c0ccc83263a21fe4d1c625ec6c/python_dotenv-1.2.3-py3-none-any.whl", hash = "sha256:904552145e8bfed22162c09dab1c2b9b54fefa7b23ba780f4f26ca0316b0f0d9", size = 22780, upload-time = "2026-08-16T16:54:52.473Z" },
]

[[package]]
name = "simplejwt"
version = "2.0.1"
source = { registry = "https://pypi.org/simple" }
dependencies = [
    { name = "typing" },
]
sdist = { url = "https://files.pythonhosted.org/packages/3f/b0/3680d62a6cde9d2c2a237428e6ef07d6211a9d120e7310fc540a11eacece/simplejwt-2.0.1.tar.gz", hash = "sha256:3d9054c3f6c8ebca49693568b483f4bafcfdf962fe9e60f5bf0855bdc19761a2", size = 6383, upload-time = "2018-09-19T17:16:52.025Z" }

[[package]]
name = "sqlparse"
version = "0.6.0"
source = { registry = "https://pypi.org/simple" }
sdist = { url = "https://files.pythonhosted.org/packages/5f/d3/3f06a1006f2261d1342aefb3c71eed02f5d4ca5bdbecd86ebc12ad38306e/sqlparse-0.6.0.tar.gz", hash = "sha256:113c35c75365ab9cc9c7231d68c6428fb11c085fc8e9eb1ad659b7ddbf6cd2b9", size = 178477, upload-time = "2026-08-13T19:16:06.396Z" }
wheels = [
    { url = "https://files.pythonhosted.org/packages/d9/50/f00935da0ec7cbf325f8dc4f772ae46fbc7b672dd62876e73f0a94adda57/sqlparse-0.6.0-py3-none-any.whl", hash = "sha256:b861c0288ce2fa56209a9a6412d2e066ac664b3873b89c26c9d8415e8e32996f", size = 50070, upload-time = "2026-08-13T19:16:04.062Z" },
]

[[package]]
name = "typing"
version = "3.10.0.0"
source = { registry = "https://pypi.org/simple" }
sdist = { url = "https://files.pythonhosted.org/packages/b0/1b/835d4431805939d2996f8772aca1d2313a57e8860fec0e48e8e7dfe3a477/typing-3.10.0.0.tar.gz", hash = "sha256:13b4ad211f54ddbf93e5901a9967b1e07720c1d1b78d596ac6a439641aa1b130", size = 78962, upload-time = "2021-05-01T18:03:58.186Z" }
wheels = [
    { url = "https://files.pythonhosted.org/packages/f2/5d/865e17349564eb1772688d8afc5e3081a5964c640d64d1d2880ebaed002d/typing-3.10.0.0-py3-none-any.whl", hash = "sha256:12fbdfbe7d6cca1a42e485229afcb0b0c8259258cfb919b8a5e2a5c953742f89", size = 26320, upload-time = "2021-05-01T18:03:56.398Z" },
]

[[package]]
name = "tzdata"
version = "2026.3"
source = { registry = "https://pypi.org/simple" }
sdist = { url = "https://files.pythonhosted.org/packages/92/ff/5a28bdfd8c3ebec42564ac7d0e54ca3db65044a9314a97f9564fa7a1e926/tzdata-2026.3.tar.gz", hash = "sha256:4a1518b8993086a7982523e071643f3c0e5f213e75b21318e78bcabfff9d1415", size = 198674, upload-time = "2026-07-10T08:50:37.887Z" }
wheels = [
    { url = "https://files.pythonhosted.org/packages/e5/6d/b53b99a9f2766d095985947a5782f1702cabb129a34f7a802d7197af832f/tzdata-2026.3-py2.py3-none-any.whl", hash = "sha256:dc096730c87af6cab1b171c9d532be840741ff5d459015e7f6947bd7d7e54931", size = 348168, upload-time = "2026-07-10T08:50:36.46Z" },
]
